
Microsoft Visual Studio Solution File, Format Version 12.00
# Visual Studio Version 16
VisualStudioVersion = 16.0.30104.148
MinimumVisualStudioVersion = 10.0.40219.1
Project("{FAE04EC0-301F-11D3-BF4B-00C04F79EFBC}") = "ATM", "ATM\ATM.csproj", "{FF87BC11-8C12-42B4-BEBD-F4F1D85EB62A}"
EndProject
Global
	GlobalSection(SolutionConfigurationPlatforms) = preSolution
		Debug|Any CPU = Debug|Any CPU
		Release|Any CPU = Release|Any CPU
	EndGlobalSection
	GlobalSection(ProjectConfigurationPlatforms) = postSolution
		{FF87BC11-8C12-42B4-BEBD-F4F1D85EB62A}.Debug|Any CPU.ActiveCfg = Debug|Any CPU
		{FF87BC11-8C12-42B4-BEBD-F4F1D85EB62A}.Debug|Any CPU.Build.0 = Debug|Any CPU
		{FF87BC11-8C12-42B4-BEBD-F4F1D85EB62A}.Release|Any CPU.ActiveCfg = Release|Any CPU
		{FF87BC11-8C12-42B4-BEBD-F4F1D85EB62A}.Release|Any CPU.Build.0 = Release|Any CPU
	EndGlobalSection
	GlobalSection(SolutionProperties) = preSolution
		HideSolutionNode = FALSE
	EndGlobalSection
	GlobalSection(ExtensibilityGlobals) = postSolution
		SolutionGuid = {51A2B243-5C1A-4BF1-BD15-AD203CDAE35B}
	EndGlobalSection
EndGlobal
